
Microsoft Visual Studio Solution File, Format Version 12.00
# Visual Studio Version 17
VisualStudioVersion = 17.9.34728.123
MinimumVisualStudioVersion = 10.0.40219.1
Project("{FAE04EC0-301F-11D3-BF4B-00C04F79EFBC}") = "ZuluNS__Assign1", "ZuluNS__Assign1.csproj", "{62B34B5D-3A3A-4CD7-9C3B-E76C533FDDE0}"
EndProject
Global
	GlobalSection(SolutionConfigurationPlatforms) = preSolution
		Debug|Any CPU = Debug|Any CPU
		Release|Any CPU = Release|Any CPU
	EndGlobalSection
	GlobalSection(ProjectConfigurationPlatforms) = postSolution
		{62B34B5D-3A3A-4CD7-9C3B-E76C533FDDE0}.Debug|Any CPU.ActiveCfg = Debug|Any CPU
		{62B34B5D-3A3A-4CD7-9C3B-E76C533FDDE0}.Debug|Any CPU.Build.0 = Debug|Any CPU
		{62B34B5D-3A3A-4CD7-9C3B-E76C533FDDE0}.Release|Any CPU.ActiveCfg = Release|Any CPU
		{62B34B5D-3A3A-4CD7-9C3B-E76C533FDDE0}.Release|Any CPU.Build.0 = Release|Any CPU
	EndGlobalSection
	GlobalSection(SolutionProperties) = preSolution
		HideSolutionNode = FALSE
	EndGlobalSection
	GlobalSection(ExtensibilityGlobals) = postSolution
		SolutionGuid = {1F77C693-2280-4B1E-80C4-45AA6F5418C9}
	EndGlobalSection
EndGlobal
